
Microsoft Visual Studio Solution File, Format Version 11.00
# Visual Studio 2010
Project("{FAE04EC0-301F-11D3-BF4B-00C04F79EFBC}") = "ExampleWebsite", "ExampleWebsite\ExampleWebsite.csproj", "{D709D4BA-1847-4BA8-91BE-091853058302}"
EndProject
Project("{FAE04EC0-301F-11D3-BF4B-00C04F79EFBC}") = "ExampleWebsite.Home", "ExampleWebsite.Home\ExampleWebsite.Home.csproj", "{F8830A9D-14C5-419B-B79E-5C18C54EC2F9}"
EndProject
Project("{FAE04EC0-301F-11D3-BF4B-00C04F79EFBC}") = "MvcTurbine.EmbeddedResources", "MvcTurbine.EmbeddedResources\MvcTurbine.EmbeddedResources.csproj", "{7145B7E5-DC13-475F-BE3D-1ACC7827A8C4}"
EndProject
Global
	GlobalSection(SolutionConfigurationPlatforms) = preSolution
		Debug|Any CPU = Debug|Any CPU
		Release|Any CPU = Release|Any CPU
	EndGlobalSection
	GlobalSection(ProjectConfigurationPlatforms) = postSolution
		{D709D4BA-1847-4BA8-91BE-091853058302}.Debug|Any CPU.ActiveCfg = Debug|Any CPU
		{D709D4BA-1847-4BA8-91BE-091853058302}.Debug|Any CPU.Build.0 = Debug|Any CPU
		{D709D4BA-1847-4BA8-91BE-091853058302}.Release|Any CPU.ActiveCfg = Release|Any CPU
		{D709D4BA-1847-4BA8-91BE-091853058302}.Release|Any CPU.Build.0 = Release|Any CPU
		{F8830A9D-14C5-419B-B79E-5C18C54EC2F9}.Debug|Any CPU.ActiveCfg = Debug|Any CPU
		{F8830A9D-14C5-419B-B79E-5C18C54EC2F9}.Debug|Any CPU.Build.0 = Debug|Any CPU
		{F8830A9D-14C5-419B-B79E-5C18C54EC2F9}.Release|Any CPU.ActiveCfg = Release|Any CPU
		{F8830A9D-14C5-419B-B79E-5C18C54EC2F9}.Release|Any CPU.Build.0 = Release|Any CPU
		{7145B7E5-DC13-475F-BE3D-1ACC7827A8C4}.Debug|Any CPU.ActiveCfg = Debug|Any CPU
		{7145B7E5-DC13-475F-BE3D-1ACC7827A8C4}.Debug|Any CPU.Build.0 = Debug|Any CPU
		{7145B7E5-DC13-475F-BE3D-1ACC7827A8C4}.Release|Any CPU.ActiveCfg = Release|Any CPU
		{7145B7E5-DC13-475F-BE3D-1ACC7827A8C4}.Release|Any CPU.Build.0 = Release|Any CPU
	EndGlobalSection
	GlobalSection(SolutionProperties) = preSolution
		HideSolutionNode = FALSE
	EndGlobalSection
EndGlobal
